{
  "name": "avyshdipoc",
  "version": "1.0.0",
  "lockfileVersion": 3,
  "requires": true,
  "packages": {
    "": {
      "name": "avyshdipoc",
      "version": "1.0.0",
      "license": "ISC",
      "dependencies": {
        "inversify": "^7.5.2"
      }
    },
    "node_modules/@inversifyjs/common": {
      "version": "1.5.0",
      "resolved": "https://registry.npmjs.org/@inversifyjs/common/-/common-1.5.0.tgz",
      "integrity": "sha512-Qj5BELk11AfI2rgZEAaLPmOftmQRLLmoCXgAjmaF0IngQN5vHomVT5ML7DZ3+CA5fgGcEVMcGbUDAun+Rz+oNg==",
      "license": "MIT"
    },
    "node_modules/@inversifyjs/container": {
      "version": "1.10.1",
      "resolved": "https://registry.npmjs.org/@inversifyjs/container/-/container-1.10.1.tgz",
      "integrity": "sha512-wrgiCn4R50IJQO0QBqrobdyLpzYngQCHyTAnlvgzQIfxnKrAKGGEUdDQ2bLbZXq3313GVz/Jb5C4RuW7M55cvQ==",
      "license": "MIT",
      "dependencies": {
        "@inversifyjs/common": "1.5.0",
        "@inversifyjs/core": "5.3.1",
        "@inversifyjs/plugin": "0.2.0",
        "@inversifyjs/reflect-metadata-utils": "1.1.0"
      },
      "peerDependencies": {
        "reflect-metadata": "~0.2.2"
      }
    },
    "node_modules/@inversifyjs/core": {
      "version": "5.3.1",
      "resolved": "https://registry.npmjs.org/@inversifyjs/core/-/core-5.3.1.tgz",
      "integrity": "sha512-cWVuKb6bsULng+1RlDx/Tuq8/u5wkpHx5sSjeLsHTbNrIhd8V0FLjhET00aSzovxJLMz1dkCIMhF8HUrnboAOQ==",
      "license": "MIT",
      "dependencies": {
        "@inversifyjs/common": "1.5.0",
        "@inversifyjs/prototype-utils": "0.1.0",
        "@inversifyjs/reflect-metadata-utils": "1.1.0"
      }
    },
    "node_modules/@inversifyjs/plugin": {
      "version": "0.2.0",
      "resolved": "https://registry.npmjs.org/@inversifyjs/plugin/-/plugin-0.2.0.tgz",
      "integrity": "sha512-R/JAdkTSD819pV1zi0HP54mWHyX+H2m8SxldXRgPQarS3ySV4KPyRdosWcfB8Se0JJZWZLHYiUNiS6JvMWSPjw==",
      "license": "MIT"
    },
    "node_modules/@inversifyjs/prototype-utils": {
      "version": "0.1.0",
      "resolved": "https://registry.npmjs.org/@inversifyjs/prototype-utils/-/prototype-utils-0.1.0.tgz",
      "integrity": "sha512-lNz1yyajMRDXBHLvJsYYX81FcmeD15e5Qz1zAZ/3zeYTl+u7ZF/GxNRKJzNOloeMPMtuR8BnvzHA1SZxjR+J9w==",
      "license": "MIT",
      "dependencies": {
        "@inversifyjs/common": "1.5.0"
      }
    },
    "node_modules/@inversifyjs/reflect-metadata-utils": {
      "version": "1.1.0",
      "resolved": "https://registry.npmjs.org/@inversifyjs/reflect-metadata-utils/-/reflect-metadata-utils-1.1.0.tgz",
      "integrity": "sha512-jmuAuC3eL1GnFAYfJGJOMKRDL9q1mgzOyrban6zxfM8Yg1FUHsj25h27bW2G7p8X1Amvhg3MLkaOuogszkrofA==",
      "license": "MIT",
      "peerDependencies": {
        "reflect-metadata": "0.2.2"
      }
    },
    "node_modules/inversify": {
      "version": "7.5.2",
      "resolved": "https://registry.npmjs.org/inversify/-/inversify-7.5.2.tgz",
      "integrity": "sha512-RpI97sBhBntaUzN2gLRbAyhXmEbBpTNKZKlJJ6qPW3xB4D6AwBt9SP85ehE+glgqBoan24Eu2SzTGbSpgkxuLw==",
      "license": "MIT",
      "dependencies": {
        "@inversifyjs/common": "1.5.0",
        "@inversifyjs/container": "1.10.1",
        "@inversifyjs/core": "5.3.1"
      },
      "peerDependencies": {
        "reflect-metadata": "~0.2.2"
      }
    },
    "node_modules/reflect-metadata": {
      "version": "0.2.2",
      "resolved": "https://registry.npmjs.org/reflect-metadata/-/reflect-metadata-0.2.2.tgz",
      "integrity": "sha512-urBwgfrvVP/eAyXx4hluJivBKzuEbSQs9rKWCrCkbSxNv8mxPcUZKeuoF3Uy4mJl3Lwprp6yy5/39VWigZ4K6Q==",
      "license": "Apache-2.0",
      "peer": true
    }
  }
}
